
Microsoft Visual Studio Solution File, Format Version 12.00
# Visual Studio Version 16
VisualStudioVersion = 16.0.30114.105
MinimumVisualStudioVersion = 10.0.40219.1
Project("{FAE04EC0-301F-11D3-BF4B-00C04F79EFBC}") = "Blog", "Blog.csproj", "{694C3BBF-58F8-4CBD-985D-A1AA09E5B2D9}"
EndProject
Global
	GlobalSection(SolutionConfigurationPlatforms) = preSolution
		Debug|Any CPU = Debug|Any CPU
		Release|Any CPU = Release|Any CPU
	EndGlobalSection
	GlobalSection(ProjectConfigurationPlatforms) = postSolution
		{694C3BBF-58F8-4CBD-985D-A1AA09E5B2D9}.Debug|Any CPU.ActiveCfg = Debug|Any CPU
		{694C3BBF-58F8-4CBD-985D-A1AA09E5B2D9}.Debug|Any CPU.Build.0 = Debug|Any CPU
		{694C3BBF-58F8-4CBD-985D-A1AA09E5B2D9}.Release|Any CPU.ActiveCfg = Release|Any CPU
		{694C3BBF-58F8-4CBD-985D-A1AA09E5B2D9}.Release|Any CPU.Build.0 = Release|Any CPU
	EndGlobalSection
	GlobalSection(SolutionProperties) = preSolution
		HideSolutionNode = FALSE
	EndGlobalSection
	GlobalSection(ExtensibilityGlobals) = postSolution
		SolutionGuid = {CF707EFF-229D-47AA-BFBF-61D34639CCA9}
	EndGlobalSection
EndGlobal
